
Microsoft Visual Studio Solution File, Format Version 11.00
# Visual Studio 2010
Project("{F2A71F9B-5D33-465A-A702-920D77279786}") = "hw3_task3", "hw3_task3\hw3_task3.fsproj", "{72B42815-1B2E-40E8-BC6D-E7C4B981A378}"
EndProject
Global
	GlobalSection(SolutionConfigurationPlatforms) = preSolution
		Debug|x86 = Debug|x86
		Release|x86 = Release|x86
	EndGlobalSection
	GlobalSection(ProjectConfigurationPlatforms) = postSolution
		{72B42815-1B2E-40E8-BC6D-E7C4B981A378}.Debug|x86.ActiveCfg = Debug|x86
		{72B42815-1B2E-40E8-BC6D-E7C4B981A378}.Debug|x86.Build.0 = Debug|x86
		{72B42815-1B2E-40E8-BC6D-E7C4B981A378}.Release|x86.ActiveCfg = Release|x86
		{72B42815-1B2E-40E8-BC6D-E7C4B981A378}.Release|x86.Build.0 = Release|x86
	EndGlobalSection
	GlobalSection(SolutionProperties) = preSolution
		HideSolutionNode = FALSE
	EndGlobalSection
EndGlobal
