
Microsoft Visual Studio Solution File, Format Version 11.00
# Visual Studio 2010
Project("{F2A71F9B-5D33-465A-A702-920D77279786}") = "hw2_task4", "hw2_task4\hw2_task4.fsproj", "{A61F3AF9-60FA-4606-B155-FFA8587DD1BB}"
EndProject
Global
	GlobalSection(SolutionConfigurationPlatforms) = preSolution
		Debug|x86 = Debug|x86
		Release|x86 = Release|x86
	EndGlobalSection
	GlobalSection(ProjectConfigurationPlatforms) = postSolution
		{A61F3AF9-60FA-4606-B155-FFA8587DD1BB}.Debug|x86.ActiveCfg = Debug|x86
		{A61F3AF9-60FA-4606-B155-FFA8587DD1BB}.Debug|x86.Build.0 = Debug|x86
		{A61F3AF9-60FA-4606-B155-FFA8587DD1BB}.Release|x86.ActiveCfg = Release|x86
		{A61F3AF9-60FA-4606-B155-FFA8587DD1BB}.Release|x86.Build.0 = Release|x86
	EndGlobalSection
	GlobalSection(SolutionProperties) = preSolution
		HideSolutionNode = FALSE
	EndGlobalSection
EndGlobal
