
Microsoft Visual Studio Solution File, Format Version 11.00
# Visual Studio 2010
Project("{F2A71F9B-5D33-465A-A702-920D77279786}") = "hw2_task3", "hw2_task3\hw2_task3.fsproj", "{9E16C887-753D-4277-9DED-8F0F1A03A2E8}"
EndProject
Global
	GlobalSection(SolutionConfigurationPlatforms) = preSolution
		Debug|x86 = Debug|x86
		Release|x86 = Release|x86
	EndGlobalSection
	GlobalSection(ProjectConfigurationPlatforms) = postSolution
		{9E16C887-753D-4277-9DED-8F0F1A03A2E8}.Debug|x86.ActiveCfg = Debug|x86
		{9E16C887-753D-4277-9DED-8F0F1A03A2E8}.Debug|x86.Build.0 = Debug|x86
		{9E16C887-753D-4277-9DED-8F0F1A03A2E8}.Release|x86.ActiveCfg = Release|x86
		{9E16C887-753D-4277-9DED-8F0F1A03A2E8}.Release|x86.Build.0 = Release|x86
	EndGlobalSection
	GlobalSection(SolutionProperties) = preSolution
		HideSolutionNode = FALSE
	EndGlobalSection
EndGlobal
