
Microsoft Visual Studio Solution File, Format Version 11.00
# Visual Studio 2010
Project("{F2A71F9B-5D33-465A-A702-920D77279786}") = "hw3_task6", "hw3_task6\hw3_task6.fsproj", "{23652D38-E813-4A22-BAFB-77B0D20E4B24}"
EndProject
Global
	GlobalSection(SolutionConfigurationPlatforms) = preSolution
		Debug|x86 = Debug|x86
		Release|x86 = Release|x86
	EndGlobalSection
	GlobalSection(ProjectConfigurationPlatforms) = postSolution
		{23652D38-E813-4A22-BAFB-77B0D20E4B24}.Debug|x86.ActiveCfg = Debug|x86
		{23652D38-E813-4A22-BAFB-77B0D20E4B24}.Debug|x86.Build.0 = Debug|x86
		{23652D38-E813-4A22-BAFB-77B0D20E4B24}.Release|x86.ActiveCfg = Release|x86
		{23652D38-E813-4A22-BAFB-77B0D20E4B24}.Release|x86.Build.0 = Release|x86
	EndGlobalSection
	GlobalSection(SolutionProperties) = preSolution
		HideSolutionNode = FALSE
	EndGlobalSection
EndGlobal
