
Microsoft Visual Studio Solution File, Format Version 11.00
# Visual Studio 2010
Project("{F2A71F9B-5D33-465A-A702-920D77279786}") = "hw1_task1", "hw1_task1\hw1_task1.fsproj", "{A4048170-BF7C-4EFF-8BB0-1D2F35570814}"
EndProject
Global
	GlobalSection(SolutionConfigurationPlatforms) = preSolution
		Debug|x86 = Debug|x86
		Release|x86 = Release|x86
	EndGlobalSection
	GlobalSection(ProjectConfigurationPlatforms) = postSolution
		{A4048170-BF7C-4EFF-8BB0-1D2F35570814}.Debug|x86.ActiveCfg = Debug|x86
		{A4048170-BF7C-4EFF-8BB0-1D2F35570814}.Debug|x86.Build.0 = Debug|x86
		{A4048170-BF7C-4EFF-8BB0-1D2F35570814}.Release|x86.ActiveCfg = Release|x86
		{A4048170-BF7C-4EFF-8BB0-1D2F35570814}.Release|x86.Build.0 = Release|x86
	EndGlobalSection
	GlobalSection(SolutionProperties) = preSolution
		HideSolutionNode = FALSE
	EndGlobalSection
EndGlobal
